<?xml version="1.0" encoding="utf-8"?>
<Project ToolsVersion="4.0" xmlns="http://schemas.microsoft.com/developer/msbuild/2003">
  <ItemGroup>
    <Filter Include="ソース ファイル">
      <UniqueIdentifier>{4FC737F1-C7A5-4376-A066-2A32D752A2FF}</UniqueIdentifier>
      <Extensions>cpp;c;cc;cxx;def;odl;idl;hpj;bat;asm;asmx</Extensions>
    </Filter>
    <Filter Include="リソース ファイル">
      <UniqueIdentifier>{67DA6AB6-F800-4c08-8B7A-83BB121AAD01}</UniqueIdentifier>
      <Extensions>rc;ico;cur;bmp;dlg;rc2;rct;bin;rgs;gif;jpg;jpeg;jpe;resx;tiff;tif;png;wav;mfcribbon-ms</Extensions>
    </Filter>
    <Filter Include="Windows">
      <UniqueIdentifier>{0241daac-2909-4943-8abc-ecca3702e14f}</UniqueIdentifier>
    </Filter>
    <Filter Include="Common">
      <UniqueIdentifier>{2e2fc574-090b-4904-8d2d-3b2813760cc3}</UniqueIdentifier>
    </Filter>
    <Filter Include="ヘッダー ファイル">
      <UniqueIdentifier>{93995380-89BD-4b04-88EB-625FBE52EBFB}</UniqueIdentifier>
      <Extensions>h;hh;hpp;hxx;hm;inl;inc;xsd</Extensions>
    </Filter>
    <Filter Include="Sequence">
      <UniqueIdentifier>{5c5ce7c0-9b47-477a-bbd3-1ec00c9ee11e}</UniqueIdentifier>
    </Filter>
    <Filter Include="Title">
      <UniqueIdentifier>{47a5eee5-7785-4860-b61d-6958f918ebe0}</UniqueIdentifier>
    </Filter>
  </ItemGroup>
  <ItemGroup>
    <ClInclude Include="Registry.h">
      <Filter>ヘッダー ファイル</Filter>
    </ClInclude>
    <ClInclude Include="PreCompileHeader.h">
      <Filter>ヘッダー ファイル</Filter>
    </ClInclude>
    <ClInclude Include="Windows\WinBase.h">
      <Filter>Windows</Filter>
    </ClInclude>
    <ClInclude Include="Windows\WinDirectX11.h">
      <Filter>Windows</Filter>
    </ClInclude>
    <ClInclude Include="Sequence\SequenceID.h">
      <Filter>Sequence</Filter>
    </ClInclude>
    <ClInclude Include="Sequence\GameSequenceFactory.h">
      <Filter>Sequence</Filter>
    </ClInclude>
    <ClInclude Include="Title\InitSequence.h">
      <Filter>Title</Filter>
    </ClInclude>
    <ClInclude Include="DrawLv.h">
      <Filter>ソース ファイル</Filter>
    </ClInclude>
    <ClInclude Include="ActionLv.h">
      <Filter>ソース ファイル</Filter>
    </ClInclude>
  </ItemGroup>
  <ItemGroup>
    <ClCompile Include="main.cpp">
      <Filter>ソース ファイル</Filter>
    </ClCompile>
    <ClCompile Include="Windows\WinBase.cpp">
      <Filter>Windows</Filter>
    </ClCompile>
    <ClCompile Include="Windows\WinDirectX11.cpp">
      <Filter>Windows</Filter>
    </ClCompile>
    <ClCompile Include="PreCompileHeader.cpp">
      <Filter>ソース ファイル</Filter>
    </ClCompile>
    <ClCompile Include="Sequence\GameSequenceFactory.cpp">
      <Filter>Sequence</Filter>
    </ClCompile>
  </ItemGroup>
</Project>